
Microsoft Visual Studio Solution File, Format Version 12.00
# Visual Studio Version 16
VisualStudioVersion = 16.0.34031.81
MinimumVisualStudioVersion = 10.0.40219.1
Project("{FAE04EC0-301F-11D3-BF4B-00C04F79EFBC}") = "WeldingGunTracker", "WeldingGunTracker\WeldingGunTracker.csproj", "{B0CBFFCF-1D1A-4C40-ACFF-4682213F5913}"
EndProject
Global
	GlobalSection(SolutionConfigurationPlatforms) = preSolution
		Debug|Any CPU = Debug|Any CPU
		Release|Any CPU = Release|Any CPU
	EndGlobalSection
	GlobalSection(ProjectConfigurationPlatforms) = postSolution
		{B0CBFFCF-1D1A-4C40-ACFF-4682213F5913}.Debug|Any CPU.ActiveCfg = Debug|Any CPU
		{B0CBFFCF-1D1A-4C40-ACFF-4682213F5913}.Debug|Any CPU.Build.0 = Debug|Any CPU
		{B0CBFFCF-1D1A-4C40-ACFF-4682213F5913}.Release|Any CPU.ActiveCfg = Release|Any CPU
		{B0CBFFCF-1D1A-4C40-ACFF-4682213F5913}.Release|Any CPU.Build.0 = Release|Any CPU
	EndGlobalSection
	GlobalSection(SolutionProperties) = preSolution
		HideSolutionNode = FALSE
	EndGlobalSection
	GlobalSection(ExtensibilityGlobals) = postSolution
		SolutionGuid = {85D6AF10-5921-4FD3-9DC4-14664DABDE6D}
	EndGlobalSection
EndGlobal
